Microsoft Visual Studio Solution File, Format Version 12.00
# Visual Studio 2012
Project("{FAE04EC0-301F-11D3-BF4B-00C04F79EFBC}") = "Giggles and Crits- Sexy Edition", "Giggles and Crits- Sexy Edition.csproj", "{749A5683-4E22-4476-89A3-6F869623C523}"
EndProject
Global
	GlobalSection(SolutionConfigurationPlatforms) = preSolution
	Debug|Any CPU = Debug|Any CPU
	ExportDebug|Any CPU = ExportDebug|Any CPU
	ExportRelease|Any CPU = ExportRelease|Any CPU
	EndGlobalSection
	GlobalSection(ProjectConfigurationPlatforms) = postSolution
		{749A5683-4E22-4476-89A3-6F869623C523}.Debug|Any CPU.ActiveCfg = Debug|Any CPU
		{749A5683-4E22-4476-89A3-6F869623C523}.Debug|Any CPU.Build.0 = Debug|Any CPU
		{749A5683-4E22-4476-89A3-6F869623C523}.ExportDebug|Any CPU.ActiveCfg = ExportDebug|Any CPU
		{749A5683-4E22-4476-89A3-6F869623C523}.ExportDebug|Any CPU.Build.0 = ExportDebug|Any CPU
		{749A5683-4E22-4476-89A3-6F869623C523}.ExportRelease|Any CPU.ActiveCfg = ExportRelease|Any CPU
		{749A5683-4E22-4476-89A3-6F869623C523}.ExportRelease|Any CPU.Build.0 = ExportRelease|Any CPU
	EndGlobalSection
EndGlobal
